
Microsoft Visual Studio Solution File, Format Version 12.00
# Visual Studio Version 17
VisualStudioVersion = 17.10.35122.118
MinimumVisualStudioVersion = 10.0.40219.1
Project("{FAE04EC0-301F-11D3-BF4B-00C04F79EFBC}") = "BulkyWeb", "BulkyWeb\BulkyWeb.csproj", "{429BA88A-7925-4471-BA57-C0D8F29DD307}"
EndProject
Global
	GlobalSection(SolutionConfigurationPlatforms) = preSolution
		Debug|Any CPU = Debug|Any CPU
		Release|Any CPU = Release|Any CPU
	EndGlobalSection
	GlobalSection(ProjectConfigurationPlatforms) = postSolution
		{429BA88A-7925-4471-BA57-C0D8F29DD307}.Debug|Any CPU.ActiveCfg = Debug|Any CPU
		{429BA88A-7925-4471-BA57-C0D8F29DD307}.Debug|Any CPU.Build.0 = Debug|Any CPU
		{429BA88A-7925-4471-BA57-C0D8F29DD307}.Release|Any CPU.ActiveCfg = Release|Any CPU
		{429BA88A-7925-4471-BA57-C0D8F29DD307}.Release|Any CPU.Build.0 = Release|Any CPU
	EndGlobalSection
	GlobalSection(SolutionProperties) = preSolution
		HideSolutionNode = FALSE
	EndGlobalSection
	GlobalSection(ExtensibilityGlobals) = postSolution
		SolutionGuid = {A41027F1-9E4C-470D-833E-99C8DC865D33}
	EndGlobalSection
EndGlobal
